
Microsoft Visual Studio Solution File, Format Version 12.00
# Visual Studio 15
VisualStudioVersion = 15.0.28307.757
MinimumVisualStudioVersion = 10.0.40219.1
Project("{9A19103F-16F7-4668-BE54-9A1E7A4F7556}") = "Core", "Core\Core.csproj", "{AFFB4E16-3FE8-4138-8BF1-F0135A7781B8}"
EndProject
Project("{FAE04EC0-301F-11D3-BF4B-00C04F79EFBC}") = "HotelModel", "HotelModel\HotelModel.csproj", "{D1A912F4-BA93-4981-A3FF-FC3F6E719694}"
EndProject
Project("{FAE04EC0-301F-11D3-BF4B-00C04F79EFBC}") = "HotelDal", "HotelDal\HotelDal.csproj", "{20874CE7-A806-4A0C-9C59-94F6E44F74DC}"
EndProject
Project("{FAE04EC0-301F-11D3-BF4B-00C04F79EFBC}") = "HotelBll", "HotelBll\HotelBll.csproj", "{19ABEA2E-B1FD-4921-80DA-63FFB88D38CC}"
EndProject
Global
	GlobalSection(SolutionConfigurationPlatforms) = preSolution
		Debug|Any CPU = Debug|Any CPU
		Release|Any CPU = Release|Any CPU
	EndGlobalSection
	GlobalSection(ProjectConfigurationPlatforms) = postSolution
		{AFFB4E16-3FE8-4138-8BF1-F0135A7781B8}.Debug|Any CPU.ActiveCfg = Debug|Any CPU
		{AFFB4E16-3FE8-4138-8BF1-F0135A7781B8}.Debug|Any CPU.Build.0 = Debug|Any CPU
		{AFFB4E16-3FE8-4138-8BF1-F0135A7781B8}.Release|Any CPU.ActiveCfg = Release|Any CPU
		{AFFB4E16-3FE8-4138-8BF1-F0135A7781B8}.Release|Any CPU.Build.0 = Release|Any CPU
		{D1A912F4-BA93-4981-A3FF-FC3F6E719694}.Debug|Any CPU.ActiveCfg = Debug|Any CPU
		{D1A912F4-BA93-4981-A3FF-FC3F6E719694}.Debug|Any CPU.Build.0 = Debug|Any CPU
		{D1A912F4-BA93-4981-A3FF-FC3F6E719694}.Release|Any CPU.ActiveCfg = Release|Any CPU
		{D1A912F4-BA93-4981-A3FF-FC3F6E719694}.Release|Any CPU.Build.0 = Release|Any CPU
		{20874CE7-A806-4A0C-9C59-94F6E44F74DC}.Debug|Any CPU.ActiveCfg = Debug|Any CPU
		{20874CE7-A806-4A0C-9C59-94F6E44F74DC}.Debug|Any CPU.Build.0 = Debug|Any CPU
		{20874CE7-A806-4A0C-9C59-94F6E44F74DC}.Release|Any CPU.ActiveCfg = Release|Any CPU
		{20874CE7-A806-4A0C-9C59-94F6E44F74DC}.Release|Any CPU.Build.0 = Release|Any CPU
		{19ABEA2E-B1FD-4921-80DA-63FFB88D38CC}.Debug|Any CPU.ActiveCfg = Debug|Any CPU
		{19ABEA2E-B1FD-4921-80DA-63FFB88D38CC}.Debug|Any CPU.Build.0 = Debug|Any CPU
		{19ABEA2E-B1FD-4921-80DA-63FFB88D38CC}.Release|Any CPU.ActiveCfg = Release|Any CPU
		{19ABEA2E-B1FD-4921-80DA-63FFB88D38CC}.Release|Any CPU.Build.0 = Release|Any CPU
	EndGlobalSection
	GlobalSection(SolutionProperties) = preSolution
		HideSolutionNode = FALSE
	EndGlobalSection
	GlobalSection(ExtensibilityGlobals) = postSolution
		SolutionGuid = {F6C9ED79-E238-48C1-A0B9-1CA17F4D98F5}
	EndGlobalSection
EndGlobal
